{
  "name": "bank_analytics",
  "version": "1.0.0",
  "lockfileVersion": 3,
  "requires": true,
  "packages": {
    "": {
      "name": "bank_analytics",
      "version": "1.0.0",
      "license": "ISC",
      "dependencies": {
        "currently": "^0.0.8"
      }
    },
    "node_modules/currently": {
      "version": "0.0.8",
      "resolved": "https://registry.npmjs.org/currently/-/currently-0.0.8.tgz",
      "integrity": "sha512-KnyQvGbg5/4oCVkny5ykLpQu/4SlGLBI6FCqbmyA+7q7dwc0kUW/seMpR94hm9MzOuEul8FD2jW7ml73THEhYg==",
      "license": "ISC"
    }
  }
}
